
Microsoft Visual Studio Solution File, Format Version 12.00
# Visual Studio 14
VisualStudioVersion = 14.0.25420.1
MinimumVisualStudioVersion = 10.0.40219.1
Project("{FAE04EC0-301F-11D3-BF4B-00C04F79EFBC}") = "MyWindowServicePlayGround", "MyWindowServicePlayGround\MyWindowServicePlayGround.csproj", "{FABDBDCA-0BF1-42C4-BF28-7ACDEE1D3925}"
EndProject
Project("{FAE04EC0-301F-11D3-BF4B-00C04F79EFBC}") = "WebTechPlayGround", "WebTechPlayGround\WebTechPlayGround.csproj", "{BBA01A0F-CA06-4613-880C-779FADDB4F9E}"
EndProject
Project("{FAE04EC0-301F-11D3-BF4B-00C04F79EFBC}") = "CodeFirst_DataModel", "CodeFirst_DataModel\CodeFirst_DataModel.csproj", "{92D8E393-FEE1-4A15-BB46-1D885E255183}"
EndProject
Global
	GlobalSection(SolutionConfigurationPlatforms) = preSolution
		Debug|Any CPU = Debug|Any CPU
		Release|Any CPU = Release|Any CPU
	EndGlobalSection
	GlobalSection(ProjectConfigurationPlatforms) = postSolution
		{FABDBDCA-0BF1-42C4-BF28-7ACDEE1D3925}.Debug|Any CPU.ActiveCfg = Debug|Any CPU
		{FABDBDCA-0BF1-42C4-BF28-7ACDEE1D3925}.Debug|Any CPU.Build.0 = Debug|Any CPU
		{FABDBDCA-0BF1-42C4-BF28-7ACDEE1D3925}.Release|Any CPU.ActiveCfg = Release|Any CPU
		{FABDBDCA-0BF1-42C4-BF28-7ACDEE1D3925}.Release|Any CPU.Build.0 = Release|Any CPU
		{BBA01A0F-CA06-4613-880C-779FADDB4F9E}.Debug|Any CPU.ActiveCfg = Debug|Any CPU
		{BBA01A0F-CA06-4613-880C-779FADDB4F9E}.Debug|Any CPU.Build.0 = Debug|Any CPU
		{BBA01A0F-CA06-4613-880C-779FADDB4F9E}.Release|Any CPU.ActiveCfg = Release|Any CPU
		{BBA01A0F-CA06-4613-880C-779FADDB4F9E}.Release|Any CPU.Build.0 = Release|Any CPU
		{92D8E393-FEE1-4A15-BB46-1D885E255183}.Debug|Any CPU.ActiveCfg = Debug|Any CPU
		{92D8E393-FEE1-4A15-BB46-1D885E255183}.Debug|Any CPU.Build.0 = Debug|Any CPU
		{92D8E393-FEE1-4A15-BB46-1D885E255183}.Release|Any CPU.ActiveCfg = Release|Any CPU
		{92D8E393-FEE1-4A15-BB46-1D885E255183}.Release|Any CPU.Build.0 = Release|Any CPU
	EndGlobalSection
	GlobalSection(SolutionProperties) = preSolution
		HideSolutionNode = FALSE
	EndGlobalSection
EndGlobal
